
Microsoft Visual Studio Solution File, Format Version 12.00
# Visual Studio Version 16
VisualStudioVersion = 16.0.29102.190
MinimumVisualStudioVersion = 10.0.40219.1
Project("{FAE04EC0-301F-11D3-BF4B-00C04F79EFBC}") = "Victor.Collector", "Victor.Collector\Victor.Collector.csproj", "{2342C097-B784-4F8F-818F-FF721136376C}"
EndProject
Project("{FAE04EC0-301F-11D3-BF4B-00C04F79EFBC}") = "Victor.Collector.Interface", "Victor.Collector.Interface\Victor.Collector.Interface.csproj", "{03933364-0656-4A29-AB15-9EFF5CA69185}"
EndProject
Project("{FAE04EC0-301F-11D3-BF4B-00C04F79EFBC}") = "Victor.Collector.Core", "Victor.Collector.Core\Victor.Collector.Core.csproj", "{3B9B9C83-3648-4F7A-93EE-3E6AB0B80607}"
EndProject
Project("{FAE04EC0-301F-11D3-BF4B-00C04F79EFBC}") = "Victor.Collector.Plugin", "Victor.Collector.Plugin\Victor.Collector.Plugin.csproj", "{051A44F1-91AE-4BBB-BC67-70FAADD5F484}"
EndProject
Project("{FAE04EC0-301F-11D3-BF4B-00C04F79EFBC}") = "Victor.Collector.Utils", "Victor.Collector.Utils\Victor.Collector.Utils.csproj", "{37C351EB-04DA-4F7C-929F-5CBB650DB744}"
EndProject
Global
	GlobalSection(SolutionConfigurationPlatforms) = preSolution
		Debug|Any CPU = Debug|Any CPU
		Release|Any CPU = Release|Any CPU
	EndGlobalSection
	GlobalSection(ProjectConfigurationPlatforms) = postSolution
		{2342C097-B784-4F8F-818F-FF721136376C}.Debug|Any CPU.ActiveCfg = Debug|Any CPU
		{2342C097-B784-4F8F-818F-FF721136376C}.Debug|Any CPU.Build.0 = Debug|Any CPU
		{2342C097-B784-4F8F-818F-FF721136376C}.Release|Any CPU.ActiveCfg = Release|Any CPU
		{2342C097-B784-4F8F-818F-FF721136376C}.Release|Any CPU.Build.0 = Release|Any CPU
		{03933364-0656-4A29-AB15-9EFF5CA69185}.Debug|Any CPU.ActiveCfg = Debug|Any CPU
		{03933364-0656-4A29-AB15-9EFF5CA69185}.Debug|Any CPU.Build.0 = Debug|Any CPU
		{03933364-0656-4A29-AB15-9EFF5CA69185}.Release|Any CPU.ActiveCfg = Release|Any CPU
		{03933364-0656-4A29-AB15-9EFF5CA69185}.Release|Any CPU.Build.0 = Release|Any CPU
		{3B9B9C83-3648-4F7A-93EE-3E6AB0B80607}.Debug|Any CPU.ActiveCfg = Debug|Any CPU
		{3B9B9C83-3648-4F7A-93EE-3E6AB0B80607}.Debug|Any CPU.Build.0 = Debug|Any CPU
		{3B9B9C83-3648-4F7A-93EE-3E6AB0B80607}.Release|Any CPU.ActiveCfg = Release|Any CPU
		{3B9B9C83-3648-4F7A-93EE-3E6AB0B80607}.Release|Any CPU.Build.0 = Release|Any CPU
		{051A44F1-91AE-4BBB-BC67-70FAADD5F484}.Debug|Any CPU.ActiveCfg = Debug|Any CPU
		{051A44F1-91AE-4BBB-BC67-70FAADD5F484}.Debug|Any CPU.Build.0 = Debug|Any CPU
		{051A44F1-91AE-4BBB-BC67-70FAADD5F484}.Release|Any CPU.ActiveCfg = Release|Any CPU
		{051A44F1-91AE-4BBB-BC67-70FAADD5F484}.Release|Any CPU.Build.0 = Release|Any CPU
		{37C351EB-04DA-4F7C-929F-5CBB650DB744}.Debug|Any CPU.ActiveCfg = Debug|Any CPU
		{37C351EB-04DA-4F7C-929F-5CBB650DB744}.Debug|Any CPU.Build.0 = Debug|Any CPU
		{37C351EB-04DA-4F7C-929F-5CBB650DB744}.Release|Any CPU.ActiveCfg = Release|Any CPU
		{37C351EB-04DA-4F7C-929F-5CBB650DB744}.Release|Any CPU.Build.0 = Release|Any CPU
	EndGlobalSection
	GlobalSection(SolutionProperties) = preSolution
		HideSolutionNode = FALSE
	EndGlobalSection
	GlobalSection(ExtensibilityGlobals) = postSolution
		SolutionGuid = {B36D92D1-0CC6-4479-8A8F-FE67DF79C288}
	EndGlobalSection
EndGlobal
